Microsoft Visual Studio Solution File, Format Version 12.00
# Visual Studio Version 17
VisualStudioVersion = 17.5.2.0
MinimumVisualStudioVersion = 10.0.40219.1
Project("{FAE04EC0-301F-11D3-BF4B-00C04F79EFBC}") = "scanner", "scanner\scanner.csproj", "{D88CDB81-F11A-65E8-632D-9AA777A24EF6}"
EndProject
Project("{FAE04EC0-301F-11D3-BF4B-00C04F79EFBC}") = "scanner.Android", "scanner.Android\scanner.Android.csproj", "{09436EA0-1380-E002-96CE-3DC3723E3B27}"
EndProject
Project("{FAE04EC0-301F-11D3-BF4B-00C04F79EFBC}") = "scanner.iOS", "scanner.iOS\scanner.iOS.csproj", "{7EF49BDA-F857-870D-9A10-389FC1496D33}"
EndProject
Global
	GlobalSection(SolutionConfigurationPlatforms) = preSolution
		Debug|Any CPU = Debug|Any CPU
		Release|Any CPU = Release|Any CPU
	EndGlobalSection
	GlobalSection(ProjectConfigurationPlatforms) = postSolution
		{D88CDB81-F11A-65E8-632D-9AA777A24EF6}.Debug|Any CPU.ActiveCfg = Debug|Any CPU
		{D88CDB81-F11A-65E8-632D-9AA777A24EF6}.Debug|Any CPU.Build.0 = Debug|Any CPU
		{D88CDB81-F11A-65E8-632D-9AA777A24EF6}.Release|Any CPU.ActiveCfg = Release|Any CPU
		{D88CDB81-F11A-65E8-632D-9AA777A24EF6}.Release|Any CPU.Build.0 = Release|Any CPU
		{09436EA0-1380-E002-96CE-3DC3723E3B27}.Debug|Any CPU.ActiveCfg = Debug|Any CPU
		{09436EA0-1380-E002-96CE-3DC3723E3B27}.Debug|Any CPU.Build.0 = Debug|Any CPU
		{09436EA0-1380-E002-96CE-3DC3723E3B27}.Release|Any CPU.ActiveCfg = Release|Any CPU
		{09436EA0-1380-E002-96CE-3DC3723E3B27}.Release|Any CPU.Build.0 = Release|Any CPU
		{7EF49BDA-F857-870D-9A10-389FC1496D33}.Debug|Any CPU.ActiveCfg = Debug|Any CPU
		{7EF49BDA-F857-870D-9A10-389FC1496D33}.Debug|Any CPU.Build.0 = Debug|Any CPU
		{7EF49BDA-F857-870D-9A10-389FC1496D33}.Release|Any CPU.ActiveCfg = Release|Any CPU
		{7EF49BDA-F857-870D-9A10-389FC1496D33}.Release|Any CPU.Build.0 = Release|Any CPU
	EndGlobalSection
	GlobalSection(SolutionProperties) = preSolution
		HideSolutionNode = FALSE
	EndGlobalSection
	GlobalSection(ExtensibilityGlobals) = postSolution
		SolutionGuid = {EEDF97F3-E0D1-43AE-8BF1-B8CD8AAA3461}
	EndGlobalSection
EndGlobal
